
Microsoft Visual Studio Solution File, Format Version 12.00
# Visual Studio Version 17
VisualStudioVersion = 17.0.31903.59
MinimumVisualStudioVersion = 10.0.40219.1
Project("{2150E333-8FDC-42A3-9474-1A3956D46DE8}") = "src", "src", "{827E0CD3-B72D-47B6-A68D-7590B98EB39B}"
EndProject
Project("{FAE04EC0-301F-11D3-BF4B-00C04F79EFBC}") = "PartnerIntegration.Api", "src\PartnerIntegration.Api\PartnerIntegration.Api.csproj", "{9DAB47B5-CE44-41DE-B275-2373D4F1AF94}"
EndProject
Project("{2150E333-8FDC-42A3-9474-1A3956D46DE8}") = "tests", "tests", "{0AB3BF05-4346-4AA6-1389-037BE0695223}"
EndProject
Project("{FAE04EC0-301F-11D3-BF4B-00C04F79EFBC}") = "PartnerIntegration.Tests", "tests\PartnerIntegration.Tests\PartnerIntegration.Tests.csproj", "{35B2BD00-231A-45AD-A1EA-25CEFFF4AED0}"
EndProject
Global
	GlobalSection(SolutionConfigurationPlatforms) = preSolution
		Debug|Any CPU = Debug|Any CPU
		Debug|x64 = Debug|x64
		Debug|x86 = Debug|x86
		Release|Any CPU = Release|Any CPU
		Release|x64 = Release|x64
		Release|x86 = Release|x86
	EndGlobalSection
	GlobalSection(ProjectConfigurationPlatforms) = postSolution
		{9DAB47B5-CE44-41DE-B275-2373D4F1AF94}.Debug|Any CPU.ActiveCfg = Debug|Any CPU
		{9DAB47B5-CE44-41DE-B275-2373D4F1AF94}.Debug|Any CPU.Build.0 = Debug|Any CPU
		{9DAB47B5-CE44-41DE-B275-2373D4F1AF94}.Debug|x64.ActiveCfg = Debug|Any CPU
		{9DAB47B5-CE44-41DE-B275-2373D4F1AF94}.Debug|x64.Build.0 = Debug|Any CPU
		{9DAB47B5-CE44-41DE-B275-2373D4F1AF94}.Debug|x86.ActiveCfg = Debug|Any CPU
		{9DAB47B5-CE44-41DE-B275-2373D4F1AF94}.Debug|x86.Build.0 = Debug|Any CPU
		{9DAB47B5-CE44-41DE-B275-2373D4F1AF94}.Release|Any CPU.ActiveCfg = Release|Any CPU
		{9DAB47B5-CE44-41DE-B275-2373D4F1AF94}.Release|Any CPU.Build.0 = Release|Any CPU
		{9DAB47B5-CE44-41DE-B275-2373D4F1AF94}.Release|x64.ActiveCfg = Release|Any CPU
		{9DAB47B5-CE44-41DE-B275-2373D4F1AF94}.Release|x64.Build.0 = Release|Any CPU
		{9DAB47B5-CE44-41DE-B275-2373D4F1AF94}.Release|x86.ActiveCfg = Release|Any CPU
		{9DAB47B5-CE44-41DE-B275-2373D4F1AF94}.Release|x86.Build.0 = Release|Any CPU
		{35B2BD00-231A-45AD-A1EA-25CEFFF4AED0}.Debug|Any CPU.ActiveCfg = Debug|Any CPU
		{35B2BD00-231A-45AD-A1EA-25CEFFF4AED0}.Debug|Any CPU.Build.0 = Debug|Any CPU
		{35B2BD00-231A-45AD-A1EA-25CEFFF4AED0}.Debug|x64.ActiveCfg = Debug|Any CPU
		{35B2BD00-231A-45AD-A1EA-25CEFFF4AED0}.Debug|x64.Build.0 = Debug|Any CPU
		{35B2BD00-231A-45AD-A1EA-25CEFFF4AED0}.Debug|x86.ActiveCfg = Debug|Any CPU
		{35B2BD00-231A-45AD-A1EA-25CEFFF4AED0}.Debug|x86.Build.0 = Debug|Any CPU
		{35B2BD00-231A-45AD-A1EA-25CEFFF4AED0}.Release|Any CPU.ActiveCfg = Release|Any CPU
		{35B2BD00-231A-45AD-A1EA-25CEFFF4AED0}.Release|Any CPU.Build.0 = Release|Any CPU
		{35B2BD00-231A-45AD-A1EA-25CEFFF4AED0}.Release|x64.ActiveCfg = Release|Any CPU
		{35B2BD00-231A-45AD-A1EA-25CEFFF4AED0}.Release|x64.Build.0 = Release|Any CPU
		{35B2BD00-231A-45AD-A1EA-25CEFFF4AED0}.Release|x86.ActiveCfg = Release|Any CPU
		{35B2BD00-231A-45AD-A1EA-25CEFFF4AED0}.Release|x86.Build.0 = Release|Any CPU
	EndGlobalSection
	GlobalSection(SolutionProperties) = preSolution
		HideSolutionNode = FALSE
	EndGlobalSection
	GlobalSection(NestedProjects) = preSolution
		{9DAB47B5-CE44-41DE-B275-2373D4F1AF94} = {827E0CD3-B72D-47B6-A68D-7590B98EB39B}
		{35B2BD00-231A-45AD-A1EA-25CEFFF4AED0} = {0AB3BF05-4346-4AA6-1389-037BE0695223}
	EndGlobalSection
EndGlobal
